// !$*UTF8*$!
{
	archiveVersion = 1;
	classes = {
	};
	objectVersion = 55;
	objects = {

/* Begin PBXBuildFile section */
		6A54A43229BD86C600AC0AB8 /* AppDelegate.swift in Sources */ = {isa = PBXBuildFile; fileRef = 6A54A43129BD86C600AC0AB8 /* AppDelegate.swift */; };
		6A54A43429BD86C600AC0AB8 /* SceneDelegate.swift in Sources */ = {isa = PBXBuildFile; fileRef = 6A54A43329BD86C600AC0AB8 /* SceneDelegate.swift */; };
		6A54A43629BD86C600AC0AB8 /* ViewController.swift in Sources */ = {isa = PBXBuildFile; fileRef = 6A54A43529BD86C600AC0AB8 /* ViewController.swift */; };
		6A54A43929BD86C600AC0AB8 /* Main.storyboard in Resources */ = {isa = PBXBuildFile; fileRef = 6A54A43729BD86C600AC0AB8 /* Main.storyboard */; };
		6A54A43B29BD86CB00AC0AB8 /* Assets.xcassets in Resources */ = {isa = PBXBuildFile; fileRef = 6A54A43A29BD86CB00AC0AB8 /* Assets.xcassets */; };
		6A54A43E29BD86CB00AC0AB8 /* LaunchScreen.storyboard in Resources */ = {isa = PBXBuildFile; fileRef = 6A54A43C29BD86CB00AC0AB8 /* LaunchScreen.storyboard */; };
		6A54A45829C9982700AC0AB8 /* NetworkManager.swift in Sources */ = {isa = PBXBuildFile; fileRef = 6A54A45729C9982700AC0AB8 /* NetworkManager.swift */; };
		6A54A45A29C9999100AC0AB8 /* User.swift in Sources */ = {isa = PBXBuildFile; fileRef = 6A54A45929C9999100AC0AB8 /* User.swift */; };
		6A54A45D29C9DBBD00AC0AB8 /* UserTableViewCell.swift in Sources */ = {isa = PBXBuildFile; fileRef = 6A54A45B29C9DBBD00AC0AB8 /* UserTableViewCell.swift */; };
		6A54A45E29C9DBBD00AC0AB8 /* UserTableViewCell.xib in Resources */ = {isa = PBXBuildFile; fileRef = 6A54A45C29C9DBBD00AC0AB8 /* UserTableViewCell.xib */; };
		6A54A46229CC819300AC0AB8 /* PostsTableViewController.swift in Sources */ = {isa = PBXBuildFile; fileRef = 6A54A46129CC819300AC0AB8 /* PostsTableViewController.swift */; };
		6A54A46729CC859300AC0AB8 /* PostTableViewCell.swift in Sources */ = {isa = PBXBuildFile; fileRef = 6A54A46529CC859300AC0AB8 /* PostTableViewCell.swift */; };
		6A54A46829CC859300AC0AB8 /* PostTableViewCell.xib in Resources */ = {isa = PBXBuildFile; fileRef = 6A54A46629CC859300AC0AB8 /* PostTableViewCell.xib */; };
		6A54A46A29D16EE100AC0AB8 /* Post.swift in Sources */ = {isa = PBXBuildFile; fileRef = 6A54A46929D16EE100AC0AB8 /* Post.swift */; };
		6A54A46E29D1E2A900AC0AB8 /* CommentsTableViewController.swift in Sources */ = {isa = PBXBuildFile; fileRef = 6A54A46D29D1E2A900AC0AB8 /* CommentsTableViewController.swift */; };
		6A54A47229D1E31B00AC0AB8 /* CommentsTableViewCell.swift in Sources */ = {isa = PBXBuildFile; fileRef = 6A54A47029D1E31B00AC0AB8 /* CommentsTableViewCell.swift */; };
		6A54A47329D1E31B00AC0AB8 /* CommentsTableViewCell.xib in Resources */ = {isa = PBXBuildFile; fileRef = 6A54A47129D1E31B00AC0AB8 /* CommentsTableViewCell.xib */; };
		6A54A47529D2D07400AC0AB8 /* Comment.swift in Sources */ = {isa = PBXBuildFile; fileRef = 6A54A47429D2D07400AC0AB8 /* Comment.swift */; };
/* End PBXBuildFile section */

/* Begin PBXFileReference section */
		6A54A42E29BD86C600AC0AB8 /* SocialNetworking_Test.app */ = {isa = PBXFileReference; explicitFileType = wrapper.application; includeInIndex = 0; path = SocialNetworking_Test.app; sourceTree = BUILT_PRODUCTS_DIR; };
		6A54A43129BD86C600AC0AB8 /* AppDelegate.swift */ = {isa = PBXFileReference; lastKnownFileType = sourcecode.swift; path = AppDelegate.swift; sourceTree = "<group>"; };
		6A54A43329BD86C600AC0AB8 /* SceneDelegate.swift */ = {isa = PBXFileReference; lastKnownFileType = sourcecode.swift; path = SceneDelegate.swift; sourceTree = "<group>"; };
		6A54A43529BD86C600AC0AB8 /* ViewController.swift */ = {isa = PBXFileReference; lastKnownFileType = sourcecode.swift; path = ViewController.swift; sourceTree = "<group>"; };
		6A54A43829BD86C600AC0AB8 /* Base */ = {isa = PBXFileReference; lastKnownFileType = file.storyboard; name = Base; path = Base.lproj/Main.storyboard; sourceTree = "<group>"; };
		6A54A43A29BD86CB00AC0AB8 /* Assets.xcassets */ = {isa = PBXFileReference; lastKnownFileType = folder.assetcatalog; path = Assets.xcassets; sourceTree = "<group>"; };
		6A54A43D29BD86CB00AC0AB8 /* Base */ = {isa = PBXFileReference; lastKnownFileType = file.storyboard; name = Base; path = Base.lproj/LaunchScreen.storyboard; sourceTree = "<group>"; };
		6A54A43F29BD86CB00AC0AB8 /* Info.plist */ = {isa = PBXFileReference; lastKnownFileType = text.plist.xml; path = Info.plist; sourceTree = "<group>"; };
		6A54A45729C9982700AC0AB8 /* NetworkManager.swift */ = {isa = PBXFileReference; lastKnownFileType = sourcecode.swift; path = NetworkManager.swift; sourceTree = "<group>"; };
		6A54A45929C9999100AC0AB8 /* User.swift */ = {isa = PBXFileReference; lastKnownFileType = sourcecode.swift; path = User.swift; sourceTree = "<group>"; };
		6A54A45B29C9DBBD00AC0AB8 /* UserTableViewCell.swift */ = {isa = PBXFileReference; lastKnownFileType = sourcecode.swift; path = UserTableViewCell.swift; sourceTree = "<group>"; };
		6A54A45C29C9DBBD00AC0AB8 /* UserTableViewCell.xib */ = {isa = PBXFileReference; lastKnownFileType = file.xib; path = UserTableViewCell.xib; sourceTree = "<group>"; };
		6A54A46129CC819300AC0AB8 /* PostsTableViewController.swift */ = {isa = PBXFileReference; lastKnownFileType = sourcecode.swift; path = PostsTableViewController.swift; sourceTree = "<group>"; };
		6A54A46529CC859300AC0AB8 /* PostTableViewCell.swift */ = {isa = PBXFileReference; lastKnownFileType = sourcecode.swift; path = PostTableViewCell.swift; sourceTree = "<group>"; };
		6A54A46629CC859300AC0AB8 /* PostTableViewCell.xib */ = {isa = PBXFileReference; lastKnownFileType = file.xib; path = PostTableViewCell.xib; sourceTree = "<group>"; };
		6A54A46929D16EE100AC0AB8 /* Post.swift */ = {isa = PBXFileReference; lastKnownFileType = sourcecode.swift; path = Post.swift; sourceTree = "<group>"; };
		6A54A46D29D1E2A900AC0AB8 /* CommentsTableViewController.swift */ = {isa = PBXFileReference; lastKnownFileType = sourcecode.swift; path = CommentsTableViewController.swift; sourceTree = "<group>"; };
		6A54A47029D1E31B00AC0AB8 /* CommentsTableViewCell.swift */ = {isa = PBXFileReference; lastKnownFileType = sourcecode.swift; path = CommentsTableViewCell.swift; sourceTree = "<group>"; };
		6A54A47129D1E31B00AC0AB8 /* CommentsTableViewCell.xib */ = {isa = PBXFileReference; lastKnownFileType = file.xib; path = CommentsTableViewCell.xib; sourceTree = "<group>"; };
		6A54A47429D2D07400AC0AB8 /* Comment.swift */ = {isa = PBXFileReference; lastKnownFileType = sourcecode.swift; path = Comment.swift; sourceTree = "<group>"; };
/* End PBXFileReference section */

/* Begin PBXFrameworksBuildPhase section */
		6A54A42B29BD86C600AC0AB8 /* Frameworks */ = {
			isa = PBXFrameworksBuildPhase;
			buildActionMask = 2147483647;
			files = (
			);
			runOnlyForDeploymentPostprocessing = 0;
		};
/* End PBXFrameworksBuildPhase section */

/* Begin PBXGroup section */
		6A54A42529BD86C600AC0AB8 = {
			isa = PBXGroup;
			children = (
				6A54A43029BD86C600AC0AB8 /* SocialNetworking_Test */,
				6A54A42F29BD86C600AC0AB8 /* Products */,
			);
			sourceTree = "<group>";
		};
		6A54A42F29BD86C600AC0AB8 /* Products */ = {
			isa = PBXGroup;
			children = (
				6A54A42E29BD86C600AC0AB8 /* SocialNetworking_Test.app */,
			);
			name = Products;
			sourceTree = "<group>";
		};
		6A54A43029BD86C600AC0AB8 /* SocialNetworking_Test */ = {
			isa = PBXGroup;
			children = (
				6A54A45629C996E700AC0AB8 /* Managers */,
				6A54A45529C996B700AC0AB8 /* Controller */,
				6A54A45429C996AF00AC0AB8 /* View */,
				6A54A45329C996A700AC0AB8 /* Model */,
				6A54A45229C9968600AC0AB8 /* Resources */,
				6A54A43F29BD86CB00AC0AB8 /* Info.plist */,
			);
			path = SocialNetworking_Test;
			sourceTree = "<group>";
		};
		6A54A45229C9968600AC0AB8 /* Resources */ = {
			isa = PBXGroup;
			children = (
				6A54A43A29BD86CB00AC0AB8 /* Assets.xcassets */,
				6A54A43329BD86C600AC0AB8 /* SceneDelegate.swift */,
				6A54A43129BD86C600AC0AB8 /* AppDelegate.swift */,
			);
			path = Resources;
			sourceTree = "<group>";
		};
		6A54A45329C996A700AC0AB8 /* Model */ = {
			isa = PBXGroup;
			children = (
				6A54A45929C9999100AC0AB8 /* User.swift */,
				6A54A46929D16EE100AC0AB8 /* Post.swift */,
				6A54A47429D2D07400AC0AB8 /* Comment.swift */,
			);
			path = Model;
			sourceTree = "<group>";
		};
		6A54A45429C996AF00AC0AB8 /* View */ = {
			isa = PBXGroup;
			children = (
				6A54A46F29D1E2F600AC0AB8 /* CommentsCell */,
				6A54A46429CC857200AC0AB8 /* PostCell */,
				6A54A46329CC834400AC0AB8 /* UserCell */,
				6A54A43C29BD86CB00AC0AB8 /* LaunchScreen.storyboard */,
				6A54A43729BD86C600AC0AB8 /* Main.storyboard */,
			);
			path = View;
			sourceTree = "<group>";
		};
		6A54A45529C996B700AC0AB8 /* Controller */ = {
			isa = PBXGroup;
			children = (
				6A54A43529BD86C600AC0AB8 /* ViewController.swift */,
				6A54A46129CC819300AC0AB8 /* PostsTableViewController.swift */,
				6A54A46D29D1E2A900AC0AB8 /* CommentsTableViewController.swift */,
			);
			path = Controller;
			sourceTree = "<group>";
		};
		6A54A45629C996E700AC0AB8 /* Managers */ = {
			isa = PBXGroup;
			children = (
				6A54A45729C9982700AC0AB8 /* NetworkManager.swift */,
			);
			path = Managers;
			sourceTree = "<group>";
		};
		6A54A46329CC834400AC0AB8 /* UserCell */ = {
			isa = PBXGroup;
			children = (
				6A54A45C29C9DBBD00AC0AB8 /* UserTableViewCell.xib */,
				6A54A45B29C9DBBD00AC0AB8 /* UserTableViewCell.swift */,
			);
			path = UserCell;
			sourceTree = "<group>";
		};
		6A54A46429CC857200AC0AB8 /* PostCell */ = {
			isa = PBXGroup;
			children = (
				6A54A46529CC859300AC0AB8 /* PostTableViewCell.swift */,
				6A54A46629CC859300AC0AB8 /* PostTableViewCell.xib */,
			);
			path = PostCell;
			sourceTree = "<group>";
		};
		6A54A46F29D1E2F600AC0AB8 /* CommentsCell */ = {
			isa = PBXGroup;
			children = (
				6A54A47029D1E31B00AC0AB8 /* CommentsTableViewCell.swift */,
				6A54A47129D1E31B00AC0AB8 /* CommentsTableViewCell.xib */,
			);
			path = CommentsCell;
			sourceTree = "<group>";
		};
/* End PBXGroup section */

/* Begin PBXNativeTarget section */
		6A54A42D29BD86C600AC0AB8 /* SocialNetworking_Test */ = {
			isa = PBXNativeTarget;
			buildConfigurationList = 6A54A44229BD86CB00AC0AB8 /* Build configuration list for PBXNativeTarget "SocialNetworking_Test" */;
			buildPhases = (
				6A54A42A29BD86C600AC0AB8 /* Sources */,
				6A54A42B29BD86C600AC0AB8 /* Frameworks */,
				6A54A42C29BD86C600AC0AB8 /* Resources */,
			);
			buildRules = (
			);
			dependencies = (
			);
			name = SocialNetworking_Test;
			productName = SocialNetworking_Test;
			productReference = 6A54A42E29BD86C600AC0AB8 /* SocialNetworking_Test.app */;
			productType = "com.apple.product-type.application";
		};
/* End PBXNativeTarget section */

/* Begin PBXProject section */
		6A54A42629BD86C600AC0AB8 /* Project object */ = {
			isa = PBXProject;
			attributes = {
				BuildIndependentTargetsInParallel = 1;
				LastSwiftUpdateCheck = 1340;
				LastUpgradeCheck = 1340;
				TargetAttributes = {
					6A54A42D29BD86C600AC0AB8 = {
						CreatedOnToolsVersion = 13.4.1;
					};
				};
			};
			buildConfigurationList = 6A54A42929BD86C600AC0AB8 /* Build configuration list for PBXProject "SocialNetworking_Test" */;
			compatibilityVersion = "Xcode 13.0";
			developmentRegion = en;
			hasScannedForEncodings = 0;
			knownRegions = (
				en,
				Base,
			);
			mainGroup = 6A54A42529BD86C600AC0AB8;
			productRefGroup = 6A54A42F29BD86C600AC0AB8 /* Products */;
			projectDirPath = "";
			projectRoot = "";
			targets = (
				6A54A42D29BD86C600AC0AB8 /* SocialNetworking_Test */,
			);
		};
/* End PBXProject section */

/* Begin PBXResourcesBuildPhase section */
		6A54A42C29BD86C600AC0AB8 /* Resources */ = {
			isa = PBXResourcesBuildPhase;
			buildActionMask = 2147483647;
			files = (
				6A54A45E29C9DBBD00AC0AB8 /* UserTableViewCell.xib in Resources */,
				6A54A46829CC859300AC0AB8 /* PostTableViewCell.xib in Resources */,
				6A54A43E29BD86CB00AC0AB8 /* LaunchScreen.storyboard in Resources */,
				6A54A43B29BD86CB00AC0AB8 /* Assets.xcassets in Resources */,
				6A54A43929BD86C600AC0AB8 /* Main.storyboard in Resources */,
				6A54A47329D1E31B00AC0AB8 /* CommentsTableViewCell.xib in Resources */,
			);
			runOnlyForDeploymentPostprocessing = 0;
		};
/* End PBXResourcesBuildPhase section */

/* Begin PBXSourcesBuildPhase section */
		6A54A42A29BD86C600AC0AB8 /* Sources */ = {
			isa = PBXSourcesBuildPhase;
			buildActionMask = 2147483647;
			files = (
				6A54A45829C9982700AC0AB8 /* NetworkManager.swift in Sources */,
				6A54A43629BD86C600AC0AB8 /* ViewController.swift in Sources */,
				6A54A43229BD86C600AC0AB8 /* AppDelegate.swift in Sources */,
				6A54A46729CC859300AC0AB8 /* PostTableViewCell.swift in Sources */,
				6A54A45A29C9999100AC0AB8 /* User.swift in Sources */,
				6A54A46E29D1E2A900AC0AB8 /* CommentsTableViewController.swift in Sources */,
				6A54A45D29C9DBBD00AC0AB8 /* UserTableViewCell.swift in Sources */,
				6A54A46A29D16EE100AC0AB8 /* Post.swift in Sources */,
				6A54A43429BD86C600AC0AB8 /* SceneDelegate.swift in Sources */,
				6A54A46229CC819300AC0AB8 /* PostsTableViewController.swift in Sources */,
				6A54A47229D1E31B00AC0AB8 /* CommentsTableViewCell.swift in Sources */,
				6A54A47529D2D07400AC0AB8 /* Comment.swift in Sources */,
			);
			runOnlyForDeploymentPostprocessing = 0;
		};
/* End PBXSourcesBuildPhase section */

/* Begin PBXVariantGroup section */
		6A54A43729BD86C600AC0AB8 /* Main.storyboard */ = {
			isa = PBXVariantGroup;
			children = (
				6A54A43829BD86C600AC0AB8 /* Base */,
			);
			name = Main.storyboard;
			sourceTree = "<group>";
		};
		6A54A43C29BD86CB00AC0AB8 /* LaunchScreen.storyboard */ = {
			isa = PBXVariantGroup;
			children = (
				6A54A43D29BD86CB00AC0AB8 /* Base */,
			);
			name = LaunchScreen.storyboard;
			sourceTree = "<group>";
		};
/* End PBXVariantGroup section */

/* Begin XCBuildConfiguration section */
		6A54A44029BD86CB00AC0AB8 /* Debug */ = {
			isa = XCBuildConfiguration;
			buildSettings = {
				ALWAYS_SEARCH_USER_PATHS = NO;
				CLANG_ANALYZER_NONNULL = YES;
				CLANG_ANALYZER_NUMBER_OBJECT_CONVERSION = YES_AGGRESSIVE;
				CLANG_CXX_LANGUAGE_STANDARD = "gnu++17";
				CLANG_ENABLE_MODULES = YES;
				CLANG_ENABLE_OBJC_ARC = YES;
				CLANG_ENABLE_OBJC_WEAK = YES;
				CLANG_WARN_BLOCK_CAPTURE_AUTORELEASING = YES;
				CLANG_WARN_BOOL_CONVERSION = YES;
				CLANG_WARN_COMMA = YES;
				CLANG_WARN_CONSTANT_CONVERSION = YES;
				CLANG_WARN_DEPRECATED_OBJC_IMPLEMENTATIONS = YES;
				CLANG_WARN_DIRECT_OBJC_ISA_USAGE = YES_ERROR;
				CLANG_WARN_DOCUMENTATION_COMMENTS = YES;
				CLANG_WARN_EMPTY_BODY = YES;
				CLANG_WARN_ENUM_CONVERSION = YES;
				CLANG_WARN_INFINITE_RECURSION = YES;
				CLANG_WARN_INT_CONVERSION = YES;
				CLANG_WARN_NON_LITERAL_NULL_CONVERSION = YES;
				CLANG_WARN_OBJC_IMPLICIT_RETAIN_SELF = YES;
				CLANG_WARN_OBJC_LITERAL_CONVERSION = YES;
				CLANG_WARN_OBJC_ROOT_CLASS = YES_ERROR;
				CLANG_WARN_QUOTED_INCLUDE_IN_FRAMEWORK_HEADER = YES;
				CLANG_WARN_RANGE_LOOP_ANALYSIS = YES;
				CLANG_WARN_STRICT_PROTOTYPES = YES;
				CLANG_WARN_SUSPICIOUS_MOVE = YES;
				CLANG_WARN_UNGUARDED_AVAILABILITY = YES_AGGRESSIVE;
				CLANG_WARN_UNREACHABLE_CODE = YES;
				CLANG_WARN__DUPLICATE_METHOD_MATCH = YES;
				COPY_PHASE_STRIP = NO;
				DEBUG_INFORMATION_FORMAT = dwarf;
				ENABLE_STRICT_OBJC_MSGSEND = YES;
				ENABLE_TESTABILITY = YES;
				GCC_C_LANGUAGE_STANDARD = gnu11;
				GCC_DYNAMIC_NO_PIC = NO;
				GCC_NO_COMMON_BLOCKS = YES;
				GCC_OPTIMIZATION_LEVEL = 0;
				GCC_PREPROCESSOR_DEFINITIONS = (
					"DEBUG=1",
					"$(inherited)",
				);
				GCC_WARN_64_TO_32_BIT_CONVERSION = YES;
				GCC_WARN_ABOUT_RETURN_TYPE = YES_ERROR;
				GCC_WARN_UNDECLARED_SELECTOR = YES;
				GCC_WARN_UNINITIALIZED_AUTOS = YES_AGGRESSIVE;
				GCC_WARN_UNUSED_FUNCTION = YES;
				GCC_WARN_UNUSED_VARIABLE = YES;
				IPHONEOS_DEPLOYMENT_TARGET = 15.5;
				MTL_ENABLE_DEBUG_INFO = INCLUDE_SOURCE;
				MTL_FAST_MATH = YES;
				ONLY_ACTIVE_ARCH = YES;
				SDKROOT = iphoneos;
				SWIFT_ACTIVE_COMPILATION_CONDITIONS = DEBUG;
				SWIFT_OPTIMIZATION_LEVEL = "-Onone";
			};
			name = Debug;
		};
		6A54A44129BD86CB00AC0AB8 /* Release */ = {
			isa = XCBuildConfiguration;
			buildSettings = {
				ALWAYS_SEARCH_USER_PATHS = NO;
				CLANG_ANALYZER_NONNULL = YES;
				CLANG_ANALYZER_NUMBER_OBJECT_CONVERSION = YES_AGGRESSIVE;
				CLANG_CXX_LANGUAGE_STANDARD = "gnu++17";
				CLANG_ENABLE_MODULES = YES;
				CLANG_ENABLE_OBJC_ARC = YES;
				CLANG_ENABLE_OBJC_WEAK = YES;
				CLANG_WARN_BLOCK_CAPTURE_AUTORELEASING = YES;
				CLANG_WARN_BOOL_CONVERSION = YES;
				CLANG_WARN_COMMA = YES;
				CLANG_WARN_CONSTANT_CONVERSION = YES;
				CLANG_WARN_DEPRECATED_OBJC_IMPLEMENTATIONS = YES;
				CLANG_WARN_DIRECT_OBJC_ISA_USAGE = YES_ERROR;
				CLANG_WARN_DOCUMENTATION_COMMENTS = YES;
				CLANG_WARN_EMPTY_BODY = YES;
				CLANG_WARN_ENUM_CONVERSION = YES;
				CLANG_WARN_INFINITE_RECURSION = YES;
				CLANG_WARN_INT_CONVERSION = YES;
				CLANG_WARN_NON_LITERAL_NULL_CONVERSION = YES;
				CLANG_WARN_OBJC_IMPLICIT_RETAIN_SELF = YES;
				CLANG_WARN_OBJC_LITERAL_CONVERSION = YES;
				CLANG_WARN_OBJC_ROOT_CLASS = YES_ERROR;
				CLANG_WARN_QUOTED_INCLUDE_IN_FRAMEWORK_HEADER = YES;
				CLANG_WARN_RANGE_LOOP_ANALYSIS = YES;
				CLANG_WARN_STRICT_PROTOTYPES = YES;
				CLANG_WARN_SUSPICIOUS_MOVE = YES;
				CLANG_WARN_UNGUARDED_AVAILABILITY = YES_AGGRESSIVE;
				CLANG_WARN_UNREACHABLE_CODE = YES;
				CLANG_WARN__DUPLICATE_METHOD_MATCH = YES;
				COPY_PHASE_STRIP = NO;
				DEBUG_INFORMATION_FORMAT = "dwarf-with-dsym";
				ENABLE_NS_ASSERTIONS = NO;
				ENABLE_STRICT_OBJC_MSGSEND = YES;
				GCC_C_LANGUAGE_STANDARD = gnu11;
				GCC_NO_COMMON_BLOCKS = YES;
				GCC_WARN_64_TO_32_BIT_CONVERSION = YES;
				GCC_WARN_ABOUT_RETURN_TYPE = YES_ERROR;
				GCC_WARN_UNDECLARED_SELECTOR = YES;
				GCC_WARN_UNINITIALIZED_AUTOS = YES_AGGRESSIVE;
				GCC_WARN_UNUSED_FUNCTION = YES;
				GCC_WARN_UNUSED_VARIABLE = YES;
				IPHONEOS_DEPLOYMENT_TARGET = 15.5;
				MTL_ENABLE_DEBUG_INFO = NO;
				MTL_FAST_MATH = YES;
				SDKROOT = iphoneos;
				SWIFT_COMPILATION_MODE = wholemodule;
				SWIFT_OPTIMIZATION_LEVEL = "-O";
				VALIDATE_PRODUCT = YES;
			};
			name = Release;
		};
		6A54A44329BD86CB00AC0AB8 /* Debug */ = {
			isa = XCBuildConfiguration;
			buildSettings = {
				ASSETCATALOG_COMPILER_APPICON_NAME = AppIcon;
				ASSETCATALOG_COMPILER_GLOBAL_ACCENT_COLOR_NAME = AccentColor;
				CODE_SIGN_STYLE = Automatic;
				CURRENT_PROJECT_VERSION = 1;
				DEVELOPMENT_TEAM = J5RS3T7663;
				GENERATE_INFOPLIST_FILE = YES;
				INFOPLIST_FILE = SocialNetworking_Test/Info.plist;
				INFOPLIST_KEY_UIApplicationSupportsIndirectInputEvents = YES;
				INFOPLIST_KEY_UILaunchStoryboardName = LaunchScreen;
				INFOPLIST_KEY_UIMainStoryboardFile = Main;
				INFOPLIST_KEY_UISupportedInterfaceOrientations_iPad = "UIInterfaceOrientationPortrait UIInterfaceOrientationPortraitUpsideDown UIInterfaceOrientationLandscapeLeft UIInterfaceOrientationLandscapeRight";
				INFOPLIST_KEY_UISupportedInterfaceOrientations_iPhone = "UIInterfaceOrientationPortrait UIInterfaceOrientationLandscapeLeft UIInterfaceOrientationLandscapeRight";
				LD_RUNPATH_SEARCH_PATHS = (
					"$(inherited)",
					"@executable_path/Frameworks",
				);
				MARKETING_VERSION = 1.0;
				PRODUCT_BUNDLE_IDENTIFIER = "me.iurii.kurinnoi.SocialNetworking-Test";
				PRODUCT_NAME = "$(TARGET_NAME)";
				SWIFT_EMIT_LOC_STRINGS = YES;
				SWIFT_VERSION = 5.0;
				TARGETED_DEVICE_FAMILY = "1,2";
			};
			name = Debug;
		};
		6A54A44429BD86CB00AC0AB8 /* Release */ = {
			isa = XCBuildConfiguration;
			buildSettings = {
				ASSETCATALOG_COMPILER_APPICON_NAME = AppIcon;
				ASSETCATALOG_COMPILER_GLOBAL_ACCENT_COLOR_NAME = AccentColor;
				CODE_SIGN_STYLE = Automatic;
				CURRENT_PROJECT_VERSION = 1;
				DEVELOPMENT_TEAM = J5RS3T7663;
				GENERATE_INFOPLIST_FILE = YES;
				INFOPLIST_FILE = SocialNetworking_Test/Info.plist;
				INFOPLIST_KEY_UIApplicationSupportsIndirectInputEvents = YES;
				INFOPLIST_KEY_UILaunchStoryboardName = LaunchScreen;
				INFOPLIST_KEY_UIMainStoryboardFile = Main;
				INFOPLIST_KEY_UISupportedInterfaceOrientations_iPad = "UIInterfaceOrientationPortrait UIInterfaceOrientationPortraitUpsideDown UIInterfaceOrientationLandscapeLeft UIInterfaceOrientationLandscapeRight";
				INFOPLIST_KEY_UISupportedInterfaceOrientations_iPhone = "UIInterfaceOrientationPortrait UIInterfaceOrientationLandscapeLeft UIInterfaceOrientationLandscapeRight";
				LD_RUNPATH_SEARCH_PATHS = (
					"$(inherited)",
					"@executable_path/Frameworks",
				);
				MARKETING_VERSION = 1.0;
				PRODUCT_BUNDLE_IDENTIFIER = "me.iurii.kurinnoi.SocialNetworking-Test";
				PRODUCT_NAME = "$(TARGET_NAME)";
				SWIFT_EMIT_LOC_STRINGS = YES;
				SWIFT_VERSION = 5.0;
				TARGETED_DEVICE_FAMILY = "1,2";
			};
			name = Release;
		};
/* End XCBuildConfiguration section */

/* Begin XCConfigurationList section */
		6A54A42929BD86C600AC0AB8 /* Build configuration list for PBXProject "SocialNetworking_Test" */ = {
			isa = XCConfigurationList;
			buildConfigurations = (
				6A54A44029BD86CB00AC0AB8 /* Debug */,
				6A54A44129BD86CB00AC0AB8 /* Release */,
			);
			defaultConfigurationIsVisible = 0;
			defaultConfigurationName = Release;
		};
		6A54A44229BD86CB00AC0AB8 /* Build configuration list for PBXNativeTarget "SocialNetworking_Test" */ = {
			isa = XCConfigurationList;
			buildConfigurations = (
				6A54A44329BD86CB00AC0AB8 /* Debug */,
				6A54A44429BD86CB00AC0AB8 /* Release */,
			);
			defaultConfigurationIsVisible = 0;
			defaultConfigurationName = Release;
		};
/* End XCConfigurationList section */
	};
	rootObject = 6A54A42629BD86C600AC0AB8 /* Project object */;
}
